<Solution>
  <Configurations>
    <Platform Name="Any CPU" />
    <Platform Name="ARM64" />
    <Platform Name="x64" />
    <Platform Name="x86" />
  </Configurations>
  <Folder Name="/Clients/">
    <Project Path="Clients/Wbskt.Client.Sdk/Wbskt.Client.Sdk.csproj" />
    <Project Path="Clients/Wbskt.Simulator/Wbskt.Simulator.csproj" />
  </Folder>
  <Folder Name="/Databases/">
    <Project Path="Databases/Wbskt.Database.Auth/Wbskt.Database.Auth.sqlproj" Type="42ea0dbd-9cf1-443e-919e-be9c484e4577">
      <Platform Project="AnyCPU" />
    </Project>
    <Project Path="Databases/Wbskt.Database/Wbskt.Database.sqlproj" Type="42ea0dbd-9cf1-443e-919e-be9c484e4577">
      <Platform Project="AnyCPU" />
    </Project>
  </Folder>
  <Folder Name="/Events/">
    <Project Path="Events/Wbskt.EventBus.RabbitMQ/Wbskt.EventBus.RabbitMQ.csproj" />
    <Project Path="Events/Wbskt.EventBus/Wbskt.EventBus.csproj" />
    <Project Path="Events/Wbskt.Events/Wbskt.Events.csproj" />
  </Folder>
  <Folder Name="/Hosts/">
    <Project Path="Hosts/Wbskt.Auth.Host/Wbskt.Auth.Host.csproj" />
    <Project Path="Hosts/Wbskt.Management.Host/Wbskt.Management.Host.csproj" />
    <Project Path="Hosts/Wbskt.Socket.Host/Wbskt.Socket.Host.csproj" />
    <Project Path="Hosts/Wbskt.Workflow.Engine.Host/Wbskt.Workflow.Engine.Host.csproj" />
  </Folder>
  <Folder Name="/Models/">
    <Project Path="Models/Wbskt.Auth.Models/Wbskt.Auth.Models.csproj" />
    <Project Path="Models/Wbskt.Management.Models/Wbskt.Management.Models.csproj" />
    <Project Path="Models/Wbskt.Workflow.Models/Wbskt.Workflow.Models.csproj" />
    <Project Path="Models/Wbskt.Models/Wbskt.Models.csproj" />
  </Folder>
  <Folder Name="/SolutionItems/">
    <File Path=".gitignore" />
    <File Path="Deploy-Databases.ps1" />
    <File Path="Directory.Packages.props" />
    <File Path="global.json" />
    <File Path="LICENSE.txt" />
    <File Path="nuget.config" />
    <File Path="Scripts.bat" />
  </Folder>
  <Folder Name="/SolutionItems/Docs/">
    <File Path="Docs/access_control.png" />
    <File Path="Docs/ai_studio_code.html" />
    <File Path="Docs/Coding.Conventions.md" />
    <File Path="Docs/GEMINI.md" />
    <File Path="Docs/My_Workflow.json" />
    <File Path="Docs/Wbskt.Node.Schema.md" />
    <File Path="Docs/Wbskt.Optimisations.md" />
    <File Path="Docs/Wbskt.Workflow.Schema.md" />
    <File Path="Docs/wbskt_improved_pseudocode_reference.html" />
    <File Path="Docs/wbskt_workflow_builder.html" />
    <File Path="Docs/Workflow.Competition.n8n.md" />
    <File Path="Docs/Workflow.Competition.zapier.md" />
    <File Path="Docs/Workflow.Engine.DetailedReview.md" />
    <File Path="Docs/Workflow.Engine.md" />
    <File Path="Docs/Workflow.Integrations.md" />
    <File Path="Docs/Workflow.Marketplace.md" />
    <File Path="Docs/Workflow.Registry.md" />
    <File Path="Docs/workflow_engine_concepts.html" />
  </Folder>
  <Folder Name="/Tests/">
    <Project Path="Tests/Wbskt.Workflow.Engine.Host.Tests/Wbskt.Workflow.Engine.Host.Tests.csproj" />
    <Project Path="Tests/Wbskt.Workflow.Engine.Host.IntegrationTests/Wbskt.Workflow.Engine.Host.IntegrationTests.csproj" />
    <Project Path="Tests/Wbskt.LoadTester/Wbskt.LoadTester.csproj" />
  </Folder>
  <Project Path="Wbskt.Infrastructure/Wbskt.Infrastructure.csproj" />
  <Project Path="Wbskt.Primitives/Wbskt.Primitives.csproj" />
  <Project Path="Wbskt.Workflow.Abstraction/Wbskt.Workflow.Abstraction.csproj" />
  <Project Path="Wbskt.Workflow/Wbskt.Workflow.csproj" />
</Solution>
