Microsoft Visual Studio Solution File, Format Version 12.00
# Visual Studio Version 17
VisualStudioVersion = 17.9.34902.65
MinimumVisualStudioVersion = 10.0.40219.1
Project("{9A19103F-16F7-4668-BE54-9A1E7A4F7556}") = "Wbskt.Identity.Api", "Services\Wbskt.Identity.Api\Wbskt.Identity.Api.csproj", "{D9921D81-091F-45A0-A16B-FF743519EDD9}"
EndProject
Project("{00D1A9C2-B5F0-4AF3-8072-F6C62B433612}") = "Wbskt.Database", "Wbskt.Database\Wbskt.Database.sqlproj", "{707A7510-F213-47B4-BBFE-A6550BC2214C}"
EndProject
Project("{FAE04EC0-301F-11D3-BF4B-00C04F79EFBC}") = "Wbskt.Common", "Wbskt.Common\Wbskt.Common.csproj", "{87621CC6-BBC7-45D2-91A9-F85B1BE44354}"
EndProject
Project("{2150E333-8FDC-42A3-9474-1A3956D46DE8}") = "SolutionItems", "SolutionItems", "{752FD9D7-16D1-498A-AAA7-6718D0117EC8}"
	ProjectSection(SolutionItems) = preProject
		Directory.Packages.props = Directory.Packages.props
		nuget.config = nuget.config
		global.json = global.json
		README.md = README.md
		LICENSE.txt = LICENSE.txt
		GEMINI.md = GEMINI.md
	EndProjectSection
EndProject
Project("{FAE04EC0-301F-11D3-BF4B-00C04F79EFBC}") = "Wbskt.EventBus", "Wbskt.EventBus\Wbskt.EventBus.csproj", "{1B3B7A4B-8A2B-4F4B-8A2B-8A2B8A2B8A2B}"
EndProject
Project("{FAE04EC0-301F-11D3-BF4B-00C04F79EFBC}") = "Wbskt.Socket.Api", "Services\Wbskt.Socket.Api\Wbskt.Socket.Api.csproj", "{C2E6B4A6-3D44-4A4D-936B-1A3B7A4B8A2B}"
EndProject
Project("{FAE04EC0-301F-11D3-BF4B-00C04F79EFBC}") = "Wbskt.Workflow.Api", "Services\Wbskt.Workflow.Api\Wbskt.Workflow.Api.csproj", "{D3E7B4A6-3D44-4A4D-936B-1A3B7A4B8A2B}"
EndProject
Project("{2150E333-8FDC-42A3-9474-1A3956D46DE8}") = "Services", "Services", "{3C169805-27FA-4F61-A9C8-34391048FF0A}"
EndProject
Global
	GlobalSection(SolutionConfigurationPlatforms) = preSolution
		Debug|Any CPU = Debug|Any CPU
		Debug|ARM64 = Debug|ARM64
		Debug|x64 = Debug|x64
		Debug|x86 = Debug|x86
		Release|Any CPU = Release|Any CPU
		Release|ARM64 = Release|ARM64
		Release|x64 = Release|x64
		Release|x86 = Release|x86
	EndGlobalSection
	GlobalSection(ProjectConfigurationPlatforms) = postSolution
		{D9921D81-091F-45A0-A16B-FF743519EDD9}.Debug|Any CPU.ActiveCfg = Debug|Any CPU
		{D9921D81-091F-45A0-A16B-FF743519EDD9}.Debug|Any CPU.Build.0 = Debug|Any CPU
		{D9921D81-091F-45A0-A16B-FF743519EDD9}.Debug|ARM64.ActiveCfg = Debug|Any CPU
		{D9921D81-091F-45A0-A16B-FF743519EDD9}.Debug|ARM64.Build.0 = Debug|Any CPU
		{D9921D81-091F-45A0-A16B-FF743519EDD9}.Debug|x64.ActiveCfg = Debug|Any CPU
		{D9921D81-091F-45A0-A16B-FF743519EDD9}.Debug|x64.Build.0 = Debug|Any CPU
		{D9921D81-091F-45A0-A16B-FF743519EDD9}.Debug|x86.ActiveCfg = Debug|Any CPU
		{D9921D81-091F-45A0-A16B-FF743519EDD9}.Debug|x86.Build.0 = Debug|Any CPU
		{D9921D81-091F-45A0-A16B-FF743519EDD9}.Release|Any CPU.ActiveCfg = Release|Any CPU
		{D9921D81-091F-45A0-A16B-FF743519EDD9}.Release|Any CPU.Build.0 = Release|Any CPU
		{D9921D81-091F-45A0-A16B-FF743519EDD9}.Release|ARM64.ActiveCfg = Release|Any CPU
		{D9921D81-091F-45A0-A16B-FF743519EDD9}.Release|ARM64.Build.0 = Release|Any CPU
		{D9921D81-091F-45A0-A16B-FF743519EDD9}.Release|x64.ActiveCfg = Release|Any CPU
		{D9921D81-091F-45A0-A16B-FF743519EDD9}.Release|x64.Build.0 = Release|Any CPU
		{D9921D81-091F-45A0-A16B-FF743519EDD9}.Release|x86.ActiveCfg = Release|Any CPU
		{D9921D81-091F-45A0-A16B-FF743519EDD9}.Release|x86.Build.0 = Release|Any CPU
		{707A7510-F213-47B4-BBFE-A6550BC2214C}.Debug|Any CPU.ActiveCfg = Debug|Any CPU
		{707A7510-F213-47B4-BBFE-A6550BC2214C}.Debug|ARM64.ActiveCfg = Debug|Any CPU
		{707A7510-F213-47B4-BBFE-A6550BC2214C}.Debug|ARM64.Build.0 = Debug|Any CPU
		{707A7510-F213-47B4-BBFE-A6550BC2214C}.Debug|ARM64.Deploy.0 = Debug|Any CPU
		{707A7510-F213-47B4-BBFE-A6550BC2214C}.Debug|x64.ActiveCfg = Debug|Any CPU
		{707A7510-F213-47B4-BBFE-A6550BC2214C}.Debug|x64.Build.0 = Debug|Any CPU
		{707A7510-F213-47B4-BBFE-A6550BC2214C}.Debug|x64.Deploy.0 = Debug|Any CPU
		{707A7510-F213-47B4-BBFE-A6550BC2214C}.Debug|x86.ActiveCfg = Debug|Any CPU
		{707A7510-F213-47B4-BBFE-A6550BC2214C}.Debug|x86.Build.0 = Debug|Any CPU
		{707A7510-F213-47B4-BBFE-A6550BC2214C}.Debug|x86.Deploy.0 = Debug|Any CPU
		{707A7510-F213-47B4-BBFE-A6550BC2214C}.Release|Any CPU.ActiveCfg = Release|Any CPU
		{707A7510-F213-47B4-BBFE-A6550BC2214C}.Release|ARM64.ActiveCfg = Release|Any CPU
		{707A7510-F213-47B4-BBFE-A6550BC2214C}.Release|ARM64.Build.0 = Release|Any CPU
		{707A7510-F213-47B4-BBFE-A6550BC2214C}.Release|ARM64.Deploy.0 = Release|Any CPU
		{707A7510-F213-47B4-BBFE-A6550BC2214C}.Release|x64.ActiveCfg = Release|Any CPU
		{707A7510-F213-47B4-BBFE-A6550BC2214C}.Release|x64.Build.0 = Release|Any CPU
		{707A7510-F213-47B4-BBFE-A6550BC2214C}.Release|x64.Deploy.0 = Release|Any CPU
		{707A7510-F213-47B4-BBFE-A6550BC2214C}.Release|x86.ActiveCfg = Release|Any CPU
		{707A7510-F213-47B4-BBFE-A6550BC2214C}.Release|x86.Build.0 = Release|Any CPU
		{707A7510-F213-47B4-BBFE-A6550BC2214C}.Release|x86.Deploy.0 = Release|Any CPU
		{707A7510-F213-47B4-BBFE-A6550BC2214C}.Debug|Any CPU.Build.0 = Debug|Any CPU
		{87621CC6-BBC7-45D2-91A9-F85B1BE44354}.Debug|Any CPU.ActiveCfg = Debug|Any CPU
		{87621CC6-BBC7-45D2-91A9-F85B1BE44354}.Debug|Any CPU.Build.0 = Debug|Any CPU
		{87621CC6-BBC7-45D2-91A9-F85B1BE44354}.Debug|ARM64.ActiveCfg = Debug|Any CPU
		{87621CC6-BBC7-45D2-91A9-F85B1BE44354}.Debug|ARM64.Build.0 = Debug|Any CPU
		{87621CC6-BBC7-45D2-91A9-F85B1BE44354}.Debug|x64.ActiveCfg = Debug|Any CPU
		{87621CC6-BBC7-45D2-91A9-F85B1BE44354}.Debug|x64.Build.0 = Debug|Any CPU
		{87621CC6-BBC7-45D2-91A9-F85B1BE44354}.Debug|x86.ActiveCfg = Debug|Any CPU
		{87621CC6-BBC7-45D2-91A9-F85B1BE44354}.Debug|x86.Build.0 = Debug|Any CPU
		{87621CC6-BBC7-45D2-91A9-F85B1BE44354}.Release|Any CPU.ActiveCfg = Release|Any CPU
		{87621CC6-BBC7-45D2-91A9-F85B1BE44354}.Release|Any CPU.Build.0 = Release|Any CPU
		{87621CC6-BBC7-45D2-91A9-F85B1BE44354}.Release|ARM64.ActiveCfg = Release|Any CPU
		{87621CC6-BBC7-45D2-91A9-F85B1BE44354}.Release|ARM64.Build.0 = Release|Any CPU
		{87621CC6-BBC7-45D2-91A9-F85B1BE44354}.Release|x64.ActiveCfg = Release|Any CPU
		{87621CC6-BBC7-45D2-91A9-F85B1BE44354}.Release|x64.Build.0 = Release|Any CPU
		{87621CC6-BBC7-45D2-91A9-F85B1BE44354}.Release|x86.ActiveCfg = Release|Any CPU
		{87621CC6-BBC7-45D2-91A9-F85B1BE44354}.Release|x86.Build.0 = Release|Any CPU
		{1B3B7A4B-8A2B-4F4B-8A2B-8A2B8A2B8A2B}.Debug|Any CPU.ActiveCfg = Debug|Any CPU
		{1B3B7A4B-8A2B-4F4B-8A2B-8A2B8A2B8A2B}.Debug|Any CPU.Build.0 = Debug|Any CPU
		{C2E6B4A6-3D44-4A4D-936B-1A3B7A4B8A2B}.Debug|Any CPU.ActiveCfg = Debug|Any CPU
		{C2E6B4A6-3D44-4A4D-936B-1A3B7A4B8A2B}.Debug|Any CPU.Build.0 = Debug|Any CPU
		{D3E7B4A6-3D44-4A4D-936B-1A3B7A4B8A2B}.Debug|Any CPU.ActiveCfg = Debug|Any CPU
		{D3E7B4A6-3D44-4A4D-936B-1A3B7A4B8A2B}.Debug|Any CPU.Build.0 = Debug|Any CPU
	EndGlobalSection
	GlobalSection(SolutionProperties) = preSolution
		HideSolutionNode = FALSE
	EndGlobalSection
	GlobalSection(ExtensibilityGlobals) = postSolution
		SolutionGuid = {A846868D-B5BE-41CD-8ABA-34F7807B92FE}
	EndGlobalSection
	GlobalSection(NestedProjects) = preSolution
		{D9921D81-091F-45A0-A16B-FF743519EDD9} = {3C169805-27FA-4F61-A9C8-34391048FF0A}
		{C2E6B4A6-3D44-4A4D-936B-1A3B7A4B8A2B} = {3C169805-27FA-4F61-A9C8-34391048FF0A}
		{D3E7B4A6-3D44-4A4D-936B-1A3B7A4B8A2B} = {3C169805-27FA-4F61-A9C8-34391048FF0A}
	EndGlobalSection
EndGlobal
