
Microsoft Visual Studio Solution File, Format Version 12.00
# Visual Studio Version 17
VisualStudioVersion = 17.9.34902.65
MinimumVisualStudioVersion = 10.0.40219.1
Project("{9A19103F-16F7-4668-BE54-9A1E7A4F7556}") = "Wbskt.Core.Service", "Wbskt.Core.Service\Wbskt.Core.Service.csproj", "{D9921D81-091F-45A0-A16B-FF743519EDD9}"
EndProject
Project("{00D1A9C2-B5F0-4AF3-8072-F6C62B433612}") = "Wbskt.Database", "Wbskt.Database\Wbskt.Database.sqlproj", "{707A7510-F213-47B4-BBFE-A6550BC2214C}"
EndProject
Project("{FAE04EC0-301F-11D3-BF4B-00C04F79EFBC}") = "Wbskt.Common", "Wbskt.Common\Wbskt.Common.csproj", "{87621CC6-BBC7-45D2-91A9-F85B1BE44354}"
EndProject
Project("{2150E333-8FDC-42A3-9474-1A3956D46DE8}") = "SolutionItems", "SolutionItems", "{752FD9D7-16D1-498A-AAA7-6718D0117EC8}"
	ProjectSection(SolutionItems) = preProject
		Directory.Packages.props = Directory.Packages.props
		nuget.config = nuget.config
		global.json = global.json
		README.md = README.md
		LICENSE.txt = LICENSE.txt
	EndProjectSection
EndProject
Project("{B7DD6F7E-DEF8-4E67-B5B7-07EF123DB6F0}") = "Wbskt.Core.Installer", "Wbskt.Core.Installer\Wbskt.Core.Installer.wixproj", "{0EC7D8CC-02F9-4200-B181-04AECD52B8AD}"
EndProject
Global
	GlobalSection(SolutionConfigurationPlatforms) = preSolution
		Debug|Any CPU = Debug|Any CPU
		Debug|ARM64 = Debug|ARM64
		Debug|x64 = Debug|x64
		Debug|x86 = Debug|x86
		Release|Any CPU = Release|Any CPU
		Release|ARM64 = Release|ARM64
		Release|x64 = Release|x64
		Release|x86 = Release|x86
	EndGlobalSection
	GlobalSection(ProjectConfigurationPlatforms) = postSolution
		{D9921D81-091F-45A0-A16B-FF743519EDD9}.Debug|Any CPU.ActiveCfg = Debug|Any CPU
		{D9921D81-091F-45A0-A16B-FF743519EDD9}.Debug|Any CPU.Build.0 = Debug|Any CPU
		{D9921D81-091F-45A0-A16B-FF743519EDD9}.Debug|ARM64.ActiveCfg = Debug|Any CPU
		{D9921D81-091F-45A0-A16B-FF743519EDD9}.Debug|ARM64.Build.0 = Debug|Any CPU
		{D9921D81-091F-45A0-A16B-FF743519EDD9}.Debug|x64.ActiveCfg = Debug|Any CPU
		{D9921D81-091F-45A0-A16B-FF743519EDD9}.Debug|x64.Build.0 = Debug|Any CPU
		{D9921D81-091F-45A0-A16B-FF743519EDD9}.Debug|x86.ActiveCfg = Debug|Any CPU
		{D9921D81-091F-45A0-A16B-FF743519EDD9}.Debug|x86.Build.0 = Debug|Any CPU
		{D9921D81-091F-45A0-A16B-FF743519EDD9}.Release|Any CPU.ActiveCfg = Release|Any CPU
		{D9921D81-091F-45A0-A16B-FF743519EDD9}.Release|Any CPU.Build.0 = Release|Any CPU
		{D9921D81-091F-45A0-A16B-FF743519EDD9}.Release|ARM64.ActiveCfg = Release|Any CPU
		{D9921D81-091F-45A0-A16B-FF743519EDD9}.Release|ARM64.Build.0 = Release|Any CPU
		{D9921D81-091F-45A0-A16B-FF743519EDD9}.Release|x64.ActiveCfg = Release|Any CPU
		{D9921D81-091F-45A0-A16B-FF743519EDD9}.Release|x64.Build.0 = Release|Any CPU
		{D9921D81-091F-45A0-A16B-FF743519EDD9}.Release|x86.ActiveCfg = Release|Any CPU
		{D9921D81-091F-45A0-A16B-FF743519EDD9}.Release|x86.Build.0 = Release|Any CPU
		{707A7510-F213-47B4-BBFE-A6550BC2214C}.Debug|Any CPU.ActiveCfg = Debug|Any CPU
		{707A7510-F213-47B4-BBFE-A6550BC2214C}.Debug|ARM64.ActiveCfg = Debug|Any CPU
		{707A7510-F213-47B4-BBFE-A6550BC2214C}.Debug|ARM64.Build.0 = Debug|Any CPU
		{707A7510-F213-47B4-BBFE-A6550BC2214C}.Debug|ARM64.Deploy.0 = Debug|Any CPU
		{707A7510-F213-47B4-BBFE-A6550BC2214C}.Debug|x64.ActiveCfg = Debug|Any CPU
		{707A7510-F213-47B4-BBFE-A6550BC2214C}.Debug|x64.Build.0 = Debug|Any CPU
		{707A7510-F213-47B4-BBFE-A6550BC2214C}.Debug|x64.Deploy.0 = Debug|Any CPU
		{707A7510-F213-47B4-BBFE-A6550BC2214C}.Debug|x86.ActiveCfg = Debug|Any CPU
		{707A7510-F213-47B4-BBFE-A6550BC2214C}.Debug|x86.Build.0 = Debug|Any CPU
		{707A7510-F213-47B4-BBFE-A6550BC2214C}.Debug|x86.Deploy.0 = Debug|Any CPU
		{707A7510-F213-47B4-BBFE-A6550BC2214C}.Release|Any CPU.ActiveCfg = Release|Any CPU
		{707A7510-F213-47B4-BBFE-A6550BC2214C}.Release|ARM64.ActiveCfg = Release|Any CPU
		{707A7510-F213-47B4-BBFE-A6550BC2214C}.Release|ARM64.Build.0 = Release|Any CPU
		{707A7510-F213-47B4-BBFE-A6550BC2214C}.Release|ARM64.Deploy.0 = Release|Any CPU
		{707A7510-F213-47B4-BBFE-A6550BC2214C}.Release|x64.ActiveCfg = Release|Any CPU
		{707A7510-F213-47B4-BBFE-A6550BC2214C}.Release|x64.Build.0 = Release|Any CPU
		{707A7510-F213-47B4-BBFE-A6550BC2214C}.Release|x64.Deploy.0 = Release|Any CPU
		{707A7510-F213-47B4-BBFE-A6550BC2214C}.Release|x86.ActiveCfg = Release|Any CPU
		{707A7510-F213-47B4-BBFE-A6550BC2214C}.Release|x86.Build.0 = Release|Any CPU
		{707A7510-F213-47B4-BBFE-A6550BC2214C}.Release|x86.Deploy.0 = Release|Any CPU
		{87621CC6-BBC7-45D2-91A9-F85B1BE44354}.Debug|Any CPU.ActiveCfg = Debug|Any CPU
		{87621CC6-BBC7-45D2-91A9-F85B1BE44354}.Debug|Any CPU.Build.0 = Debug|Any CPU
		{87621CC6-BBC7-45D2-91A9-F85B1BE44354}.Debug|ARM64.ActiveCfg = Debug|Any CPU
		{87621CC6-BBC7-45D2-91A9-F85B1BE44354}.Debug|ARM64.Build.0 = Debug|Any CPU
		{87621CC6-BBC7-45D2-91A9-F85B1BE44354}.Debug|x64.ActiveCfg = Debug|Any CPU
		{87621CC6-BBC7-45D2-91A9-F85B1BE44354}.Debug|x64.Build.0 = Debug|Any CPU
		{87621CC6-BBC7-45D2-91A9-F85B1BE44354}.Debug|x86.ActiveCfg = Debug|Any CPU
		{87621CC6-BBC7-45D2-91A9-F85B1BE44354}.Debug|x86.Build.0 = Debug|Any CPU
		{87621CC6-BBC7-45D2-91A9-F85B1BE44354}.Release|Any CPU.ActiveCfg = Release|Any CPU
		{87621CC6-BBC7-45D2-91A9-F85B1BE44354}.Release|Any CPU.Build.0 = Release|Any CPU
		{87621CC6-BBC7-45D2-91A9-F85B1BE44354}.Release|ARM64.ActiveCfg = Release|Any CPU
		{87621CC6-BBC7-45D2-91A9-F85B1BE44354}.Release|ARM64.Build.0 = Release|Any CPU
		{87621CC6-BBC7-45D2-91A9-F85B1BE44354}.Release|x64.ActiveCfg = Release|Any CPU
		{87621CC6-BBC7-45D2-91A9-F85B1BE44354}.Release|x64.Build.0 = Release|Any CPU
		{87621CC6-BBC7-45D2-91A9-F85B1BE44354}.Release|x86.ActiveCfg = Release|Any CPU
		{87621CC6-BBC7-45D2-91A9-F85B1BE44354}.Release|x86.Build.0 = Release|Any CPU
		{0EC7D8CC-02F9-4200-B181-04AECD52B8AD}.Debug|Any CPU.ActiveCfg = Debug|x64
		{0EC7D8CC-02F9-4200-B181-04AECD52B8AD}.Debug|Any CPU.Build.0 = Debug|x64
		{0EC7D8CC-02F9-4200-B181-04AECD52B8AD}.Debug|ARM64.ActiveCfg = Debug|ARM64
		{0EC7D8CC-02F9-4200-B181-04AECD52B8AD}.Debug|ARM64.Build.0 = Debug|ARM64
		{0EC7D8CC-02F9-4200-B181-04AECD52B8AD}.Debug|x64.ActiveCfg = Debug|x64
		{0EC7D8CC-02F9-4200-B181-04AECD52B8AD}.Debug|x64.Build.0 = Debug|x64
		{0EC7D8CC-02F9-4200-B181-04AECD52B8AD}.Debug|x86.ActiveCfg = Debug|x86
		{0EC7D8CC-02F9-4200-B181-04AECD52B8AD}.Debug|x86.Build.0 = Debug|x86
		{0EC7D8CC-02F9-4200-B181-04AECD52B8AD}.Release|Any CPU.ActiveCfg = Release|x64
		{0EC7D8CC-02F9-4200-B181-04AECD52B8AD}.Release|Any CPU.Build.0 = Release|x64
		{0EC7D8CC-02F9-4200-B181-04AECD52B8AD}.Release|ARM64.ActiveCfg = Release|ARM64
		{0EC7D8CC-02F9-4200-B181-04AECD52B8AD}.Release|ARM64.Build.0 = Release|ARM64
		{0EC7D8CC-02F9-4200-B181-04AECD52B8AD}.Release|x64.ActiveCfg = Release|x64
		{0EC7D8CC-02F9-4200-B181-04AECD52B8AD}.Release|x64.Build.0 = Release|x64
		{0EC7D8CC-02F9-4200-B181-04AECD52B8AD}.Release|x86.ActiveCfg = Release|x86
		{0EC7D8CC-02F9-4200-B181-04AECD52B8AD}.Release|x86.Build.0 = Release|x86
	EndGlobalSection
	GlobalSection(SolutionProperties) = preSolution
		HideSolutionNode = FALSE
	EndGlobalSection
	GlobalSection(ExtensibilityGlobals) = postSolution
		SolutionGuid = {A846868D-B5BE-41CD-8ABA-34F7807B92FE}
	EndGlobalSection
EndGlobal
