Microsoft Visual Studio Solution File, Format Version 12.00
# Visual Studio Version 17
VisualStudioVersion = 17.9.34902.65
MinimumVisualStudioVersion = 10.0.40219.1
Project("{2150E333-8FDC-42A3-9474-1A3956D46DE8}") = "SolutionItems", "SolutionItems", "{752FD9D7-16D1-498A-AAA7-6718D0117EC8}"
	ProjectSection(SolutionItems) = preProject
		Directory.Packages.props = Directory.Packages.props
		nuget.config = nuget.config
		global.json = global.json
		LICENSE.txt = LICENSE.txt
		Scripts.bat = Scripts.bat
		.gitignore = .gitignore
		Coding.Conventions.md = Coding.Conventions.md
	EndProjectSection
EndProject
Project("{FAE04EC0-301F-11D3-BF4B-00C04F79EFBC}") = "Webskt.Core.Auth.Host", "Webskt.Core.Auth.Host\Webskt.Core.Auth.Host.csproj", "{A2C4C08B-9C09-4E77-860D-45067577AD4E}"
EndProject
Project("{42EA0DBD-9CF1-443E-919E-BE9C484E4577}") = "Webskt.Auth.Database", "Webskt.Auth.Database\Webskt.Auth.Database.sqlproj", "{0BDA3368-1DC5-4C33-ACA2-8FE06F7EF204}"
EndProject
Project("{FAE04EC0-301F-11D3-BF4B-00C04F79EFBC}") = "Webskt.Core.Constants", "Webskt.Core.Constants\Webskt.Core.Constants.csproj", "{7AAEC4AE-6FBC-454D-A6B0-55B715732E4C}"
EndProject
Global
	GlobalSection(SolutionConfigurationPlatforms) = preSolution
		Debug|Any CPU = Debug|Any CPU
		Debug|ARM64 = Debug|ARM64
		Debug|x64 = Debug|x64
		Debug|x86 = Debug|x86
		Release|Any CPU = Release|Any CPU
		Release|ARM64 = Release|ARM64
		Release|x64 = Release|x64
		Release|x86 = Release|x86
	EndGlobalSection
	GlobalSection(ProjectConfigurationPlatforms) = postSolution
		{A2C4C08B-9C09-4E77-860D-45067577AD4E}.Debug|Any CPU.ActiveCfg = Debug|Any CPU
		{A2C4C08B-9C09-4E77-860D-45067577AD4E}.Debug|Any CPU.Build.0 = Debug|Any CPU
		{A2C4C08B-9C09-4E77-860D-45067577AD4E}.Debug|ARM64.ActiveCfg = Debug|Any CPU
		{A2C4C08B-9C09-4E77-860D-45067577AD4E}.Debug|ARM64.Build.0 = Debug|Any CPU
		{A2C4C08B-9C09-4E77-860D-45067577AD4E}.Debug|x64.ActiveCfg = Debug|Any CPU
		{A2C4C08B-9C09-4E77-860D-45067577AD4E}.Debug|x64.Build.0 = Debug|Any CPU
		{A2C4C08B-9C09-4E77-860D-45067577AD4E}.Debug|x86.ActiveCfg = Debug|Any CPU
		{A2C4C08B-9C09-4E77-860D-45067577AD4E}.Debug|x86.Build.0 = Debug|Any CPU
		{A2C4C08B-9C09-4E77-860D-45067577AD4E}.Release|Any CPU.ActiveCfg = Release|Any CPU
		{A2C4C08B-9C09-4E77-860D-45067577AD4E}.Release|Any CPU.Build.0 = Release|Any CPU
		{A2C4C08B-9C09-4E77-860D-45067577AD4E}.Release|ARM64.ActiveCfg = Release|Any CPU
		{A2C4C08B-9C09-4E77-860D-45067577AD4E}.Release|ARM64.Build.0 = Release|Any CPU
		{A2C4C08B-9C09-4E77-860D-45067577AD4E}.Release|x64.ActiveCfg = Release|Any CPU
		{A2C4C08B-9C09-4E77-860D-45067577AD4E}.Release|x64.Build.0 = Release|Any CPU
		{A2C4C08B-9C09-4E77-860D-45067577AD4E}.Release|x86.ActiveCfg = Release|Any CPU
		{A2C4C08B-9C09-4E77-860D-45067577AD4E}.Release|x86.Build.0 = Release|Any CPU
		{0BDA3368-1DC5-4C33-ACA2-8FE06F7EF204}.Debug|Any CPU.ActiveCfg = Debug|Any CPU
		{0BDA3368-1DC5-4C33-ACA2-8FE06F7EF204}.Debug|Any CPU.Build.0 = Debug|Any CPU
		{0BDA3368-1DC5-4C33-ACA2-8FE06F7EF204}.Debug|ARM64.ActiveCfg = Debug|Any CPU
		{0BDA3368-1DC5-4C33-ACA2-8FE06F7EF204}.Debug|ARM64.Build.0 = Debug|Any CPU
		{0BDA3368-1DC5-4C33-ACA2-8FE06F7EF204}.Debug|x64.ActiveCfg = Debug|Any CPU
		{0BDA3368-1DC5-4C33-ACA2-8FE06F7EF204}.Debug|x64.Build.0 = Debug|Any CPU
		{0BDA3368-1DC5-4C33-ACA2-8FE06F7EF204}.Debug|x86.ActiveCfg = Debug|Any CPU
		{0BDA3368-1DC5-4C33-ACA2-8FE06F7EF204}.Debug|x86.Build.0 = Debug|Any CPU
		{0BDA3368-1DC5-4C33-ACA2-8FE06F7EF204}.Release|Any CPU.ActiveCfg = Release|Any CPU
		{0BDA3368-1DC5-4C33-ACA2-8FE06F7EF204}.Release|Any CPU.Build.0 = Release|Any CPU
		{0BDA3368-1DC5-4C33-ACA2-8FE06F7EF204}.Release|ARM64.ActiveCfg = Release|Any CPU
		{0BDA3368-1DC5-4C33-ACA2-8FE06F7EF204}.Release|ARM64.Build.0 = Release|Any CPU
		{0BDA3368-1DC5-4C33-ACA2-8FE06F7EF204}.Release|x64.ActiveCfg = Release|Any CPU
		{0BDA3368-1DC5-4C33-ACA2-8FE06F7EF204}.Release|x64.Build.0 = Release|Any CPU
		{0BDA3368-1DC5-4C33-ACA2-8FE06F7EF204}.Release|x86.ActiveCfg = Release|Any CPU
		{0BDA3368-1DC5-4C33-ACA2-8FE06F7EF204}.Release|x86.Build.0 = Release|Any CPU
		{7AAEC4AE-6FBC-454D-A6B0-55B715732E4C}.Debug|Any CPU.ActiveCfg = Debug|Any CPU
		{7AAEC4AE-6FBC-454D-A6B0-55B715732E4C}.Debug|Any CPU.Build.0 = Debug|Any CPU
		{7AAEC4AE-6FBC-454D-A6B0-55B715732E4C}.Debug|ARM64.ActiveCfg = Debug|Any CPU
		{7AAEC4AE-6FBC-454D-A6B0-55B715732E4C}.Debug|ARM64.Build.0 = Debug|Any CPU
		{7AAEC4AE-6FBC-454D-A6B0-55B715732E4C}.Debug|x64.ActiveCfg = Debug|Any CPU
		{7AAEC4AE-6FBC-454D-A6B0-55B715732E4C}.Debug|x64.Build.0 = Debug|Any CPU
		{7AAEC4AE-6FBC-454D-A6B0-55B715732E4C}.Debug|x86.ActiveCfg = Debug|Any CPU
		{7AAEC4AE-6FBC-454D-A6B0-55B715732E4C}.Debug|x86.Build.0 = Debug|Any CPU
		{7AAEC4AE-6FBC-454D-A6B0-55B715732E4C}.Release|Any CPU.ActiveCfg = Release|Any CPU
		{7AAEC4AE-6FBC-454D-A6B0-55B715732E4C}.Release|Any CPU.Build.0 = Release|Any CPU
		{7AAEC4AE-6FBC-454D-A6B0-55B715732E4C}.Release|ARM64.ActiveCfg = Release|Any CPU
		{7AAEC4AE-6FBC-454D-A6B0-55B715732E4C}.Release|ARM64.Build.0 = Release|Any CPU
		{7AAEC4AE-6FBC-454D-A6B0-55B715732E4C}.Release|x64.ActiveCfg = Release|Any CPU
		{7AAEC4AE-6FBC-454D-A6B0-55B715732E4C}.Release|x64.Build.0 = Release|Any CPU
		{7AAEC4AE-6FBC-454D-A6B0-55B715732E4C}.Release|x86.ActiveCfg = Release|Any CPU
		{7AAEC4AE-6FBC-454D-A6B0-55B715732E4C}.Release|x86.Build.0 = Release|Any CPU
	EndGlobalSection
	GlobalSection(SolutionProperties) = preSolution
		HideSolutionNode = FALSE
	EndGlobalSection
	GlobalSection(ExtensibilityGlobals) = postSolution
		SolutionGuid = {A846868D-B5BE-41CD-8ABA-34F7807B92FE}
	EndGlobalSection
	GlobalSection(NestedProjects) = preSolution
	EndGlobalSection
EndGlobal
