
Microsoft Visual Studio Solution File, Format Version 12.00
# Visual Studio Version 17
VisualStudioVersion = 17.9.34902.65
MinimumVisualStudioVersion = 10.0.40219.1
Project("{2150E333-8FDC-42A3-9474-1A3956D46DE8}") = "SolutionItems", "SolutionItems", "{752FD9D7-16D1-498A-AAA7-6718D0117EC8}"
	ProjectSection(SolutionItems) = preProject
		Directory.Packages.props = Directory.Packages.props
		nuget.config = nuget.config
		global.json = global.json
		LICENSE.txt = LICENSE.txt
		Scripts.bat = Scripts.bat
		.gitignore = .gitignore
		Coding.Conventions.md = Coding.Conventions.md
		Deploy-Databases.ps1 = Deploy-Databases.ps1
		Workflow.Engine.md = Workflow.Engine.md
	EndProjectSection
EndProject
Project("{FAE04EC0-301F-11D3-BF4B-00C04F79EFBC}") = "Webskt.Auth.Host", "Hosts\Webskt.Auth.Host\Webskt.Auth.Host.csproj", "{A2C4C08B-9C09-4E77-860D-45067577AD4E}"
EndProject
Project("{42EA0DBD-9CF1-443E-919E-BE9C484E4577}") = "Webskt.Database.Auth", "Databases\Webskt.Database.Auth\Webskt.Database.Auth.sqlproj", "{0BDA3368-1DC5-4C33-ACA2-8FE06F7EF204}"
EndProject
Project("{FAE04EC0-301F-11D3-BF4B-00C04F79EFBC}") = "Webskt.Common.Abstraction", "Webskt.Common.Abstraction\Webskt.Common.Abstraction.csproj", "{7AAEC4AE-6FBC-454D-A6B0-55B715732E4C}"
EndProject
Project("{FAE04EC0-301F-11D3-BF4B-00C04F79EFBC}") = "Webskt.Management.Host", "Hosts\Webskt.Management.Host\Webskt.Management.Host.csproj", "{512990B8-9039-4851-A561-9ABCFA7D495F}"
EndProject
Project("{FAE04EC0-301F-11D3-BF4B-00C04F79EFBC}") = "Webskt.Common", "Webskt.Common\Webskt.Common.csproj", "{7EB69D6C-3242-48E9-9C97-F8C53F14AF30}"
EndProject
Project("{2150E333-8FDC-42A3-9474-1A3956D46DE8}") = "Databases", "Databases", "{19CDF3C0-4BD6-48AD-9B73-2F498AA6EC47}"
EndProject
Project("{42EA0DBD-9CF1-443E-919E-BE9C484E4577}") = "Webskt.Database", "Databases\Webskt.Database\Webskt.Database.sqlproj", "{E38051F5-0A79-4645-A1F0-15FBB0324B66}"
EndProject
Project("{FAE04EC0-301F-11D3-BF4B-00C04F79EFBC}") = "Webskt.Socket.Host", "Hosts\Webskt.Socket.Host\Webskt.Socket.Host.csproj", "{E6B3A045-30BB-4A14-A1F9-0670867548D2}"
EndProject
Project("{FAE04EC0-301F-11D3-BF4B-00C04F79EFBC}") = "Webskt.Client.Sdk", "Webskt.Client.Sdk\Webskt.Client.Sdk.csproj", "{D6DA58DF-6AB0-45AC-A38F-B17DF94CC2B2}"
EndProject
Project("{FAE04EC0-301F-11D3-BF4B-00C04F79EFBC}") = "Webskt.Simulator", "Webskt.Simulator\Webskt.Simulator.csproj", "{E5E0EE3C-D189-400B-B59C-1B47A0AE51FC}"
EndProject
Project("{FAE04EC0-301F-11D3-BF4B-00C04F79EFBC}") = "Webskt.EventBus", "Events\Webskt.EventBus\Webskt.EventBus.csproj", "{A9E0B750-FD38-4918-81D1-4EFB294D225E}"
EndProject
Project("{FAE04EC0-301F-11D3-BF4B-00C04F79EFBC}") = "Webskt.EventBus.RabbitMQ", "Events\Webskt.EventBus.RabbitMQ\Webskt.EventBus.RabbitMQ.csproj", "{67EE11D7-E90A-4B5E-9008-836176E6EED2}"
EndProject
Project("{FAE04EC0-301F-11D3-BF4B-00C04F79EFBC}") = "Webskt.Events", "Events\Webskt.Events\Webskt.Events.csproj", "{0302509D-000A-4ED7-A9E4-49E45604C83E}"
EndProject
Project("{2150E333-8FDC-42A3-9474-1A3956D46DE8}") = "Events", "Events", "{2AC2B0A2-F7D4-4157-8B61-D15BF9B2640E}"
EndProject
Project("{2150E333-8FDC-42A3-9474-1A3956D46DE8}") = "Hosts", "Hosts", "{491F8B64-5D07-46E9-8687-D4F99B855193}"
EndProject
Project("{FAE04EC0-301F-11D3-BF4B-00C04F79EFBC}") = "Webskt.Workflow.Engine.Host", "Hosts\Webskt.Workflow.Engine.Host\Webskt.Workflow.Engine.Host.csproj", "{A399F695-B612-4753-A305-DCFC270E3952}"
EndProject
Project("{FAE04EC0-301F-11D3-BF4B-00C04F79EFBC}") = "Webskt.Workflow.Abstraction", "Webskt.Workflow.Abstraction\Webskt.Workflow.Abstraction.csproj", "{944347BF-4F1E-4500-85E5-D2D67EEC3061}"
EndProject
Project("{FAE04EC0-301F-11D3-BF4B-00C04F79EFBC}") = "Webskt.Workflow", "Webskt.Workflow\Webskt.Workflow.csproj", "{C4C0DCFF-147C-4005-8B00-011FC92B6E5E}"
EndProject
Global
	GlobalSection(SolutionConfigurationPlatforms) = preSolution
		Debug|Any CPU = Debug|Any CPU
		Debug|ARM64 = Debug|ARM64
		Debug|x64 = Debug|x64
		Debug|x86 = Debug|x86
		Release|Any CPU = Release|Any CPU
		Release|ARM64 = Release|ARM64
		Release|x64 = Release|x64
		Release|x86 = Release|x86
	EndGlobalSection
	GlobalSection(ProjectConfigurationPlatforms) = postSolution
		{A2C4C08B-9C09-4E77-860D-45067577AD4E}.Debug|Any CPU.ActiveCfg = Debug|Any CPU
		{A2C4C08B-9C09-4E77-860D-45067577AD4E}.Debug|Any CPU.Build.0 = Debug|Any CPU
		{A2C4C08B-9C09-4E77-860D-45067577AD4E}.Debug|ARM64.ActiveCfg = Debug|Any CPU
		{A2C4C08B-9C09-4E77-860D-45067577AD4E}.Debug|ARM64.Build.0 = Debug|Any CPU
		{A2C4C08B-9C09-4E77-860D-45067577AD4E}.Debug|x64.ActiveCfg = Debug|Any CPU
		{A2C4C08B-9C09-4E77-860D-45067577AD4E}.Debug|x64.Build.0 = Debug|Any CPU
		{A2C4C08B-9C09-4E77-860D-45067577AD4E}.Debug|x86.ActiveCfg = Debug|Any CPU
		{A2C4C08B-9C09-4E77-860D-45067577AD4E}.Debug|x86.Build.0 = Debug|Any CPU
		{A2C4C08B-9C09-4E77-860D-45067577AD4E}.Release|Any CPU.ActiveCfg = Release|Any CPU
		{A2C4C08B-9C09-4E77-860D-45067577AD4E}.Release|Any CPU.Build.0 = Release|Any CPU
		{A2C4C08B-9C09-4E77-860D-45067577AD4E}.Release|ARM64.ActiveCfg = Release|Any CPU
		{A2C4C08B-9C09-4E77-860D-45067577AD4E}.Release|ARM64.Build.0 = Release|Any CPU
		{A2C4C08B-9C09-4E77-860D-45067577AD4E}.Release|x64.ActiveCfg = Release|Any CPU
		{A2C4C08B-9C09-4E77-860D-45067577AD4E}.Release|x64.Build.0 = Release|Any CPU
		{A2C4C08B-9C09-4E77-860D-45067577AD4E}.Release|x86.ActiveCfg = Release|Any CPU
		{A2C4C08B-9C09-4E77-860D-45067577AD4E}.Release|x86.Build.0 = Release|Any CPU
		{0BDA3368-1DC5-4C33-ACA2-8FE06F7EF204}.Debug|Any CPU.ActiveCfg = Debug|Any CPU
		{0BDA3368-1DC5-4C33-ACA2-8FE06F7EF204}.Debug|Any CPU.Build.0 = Debug|Any CPU
		{0BDA3368-1DC5-4C33-ACA2-8FE06F7EF204}.Debug|ARM64.ActiveCfg = Debug|Any CPU
		{0BDA3368-1DC5-4C33-ACA2-8FE06F7EF204}.Debug|ARM64.Build.0 = Debug|Any CPU
		{0BDA3368-1DC5-4C33-ACA2-8FE06F7EF204}.Debug|x64.ActiveCfg = Debug|Any CPU
		{0BDA3368-1DC5-4C33-ACA2-8FE06F7EF204}.Debug|x64.Build.0 = Debug|Any CPU
		{0BDA3368-1DC5-4C33-ACA2-8FE06F7EF204}.Debug|x86.ActiveCfg = Debug|Any CPU
		{0BDA3368-1DC5-4C33-ACA2-8FE06F7EF204}.Debug|x86.Build.0 = Debug|Any CPU
		{0BDA3368-1DC5-4C33-ACA2-8FE06F7EF204}.Release|Any CPU.ActiveCfg = Release|Any CPU
		{0BDA3368-1DC5-4C33-ACA2-8FE06F7EF204}.Release|Any CPU.Build.0 = Release|Any CPU
		{0BDA3368-1DC5-4C33-ACA2-8FE06F7EF204}.Release|ARM64.ActiveCfg = Release|Any CPU
		{0BDA3368-1DC5-4C33-ACA2-8FE06F7EF204}.Release|ARM64.Build.0 = Release|Any CPU
		{0BDA3368-1DC5-4C33-ACA2-8FE06F7EF204}.Release|x64.ActiveCfg = Release|Any CPU
		{0BDA3368-1DC5-4C33-ACA2-8FE06F7EF204}.Release|x64.Build.0 = Release|Any CPU
		{0BDA3368-1DC5-4C33-ACA2-8FE06F7EF204}.Release|x86.ActiveCfg = Release|Any CPU
		{0BDA3368-1DC5-4C33-ACA2-8FE06F7EF204}.Release|x86.Build.0 = Release|Any CPU
		{7AAEC4AE-6FBC-454D-A6B0-55B715732E4C}.Debug|Any CPU.ActiveCfg = Debug|Any CPU
		{7AAEC4AE-6FBC-454D-A6B0-55B715732E4C}.Debug|Any CPU.Build.0 = Debug|Any CPU
		{7AAEC4AE-6FBC-454D-A6B0-55B715732E4C}.Debug|ARM64.ActiveCfg = Debug|Any CPU
		{7AAEC4AE-6FBC-454D-A6B0-55B715732E4C}.Debug|ARM64.Build.0 = Debug|Any CPU
		{7AAEC4AE-6FBC-454D-A6B0-55B715732E4C}.Debug|x64.ActiveCfg = Debug|Any CPU
		{7AAEC4AE-6FBC-454D-A6B0-55B715732E4C}.Debug|x64.Build.0 = Debug|Any CPU
		{7AAEC4AE-6FBC-454D-A6B0-55B715732E4C}.Debug|x86.ActiveCfg = Debug|Any CPU
		{7AAEC4AE-6FBC-454D-A6B0-55B715732E4C}.Debug|x86.Build.0 = Debug|Any CPU
		{7AAEC4AE-6FBC-454D-A6B0-55B715732E4C}.Release|Any CPU.ActiveCfg = Release|Any CPU
		{7AAEC4AE-6FBC-454D-A6B0-55B715732E4C}.Release|Any CPU.Build.0 = Release|Any CPU
		{7AAEC4AE-6FBC-454D-A6B0-55B715732E4C}.Release|ARM64.ActiveCfg = Release|Any CPU
		{7AAEC4AE-6FBC-454D-A6B0-55B715732E4C}.Release|ARM64.Build.0 = Release|Any CPU
		{7AAEC4AE-6FBC-454D-A6B0-55B715732E4C}.Release|x64.ActiveCfg = Release|Any CPU
		{7AAEC4AE-6FBC-454D-A6B0-55B715732E4C}.Release|x64.Build.0 = Release|Any CPU
		{7AAEC4AE-6FBC-454D-A6B0-55B715732E4C}.Release|x86.ActiveCfg = Release|Any CPU
		{7AAEC4AE-6FBC-454D-A6B0-55B715732E4C}.Release|x86.Build.0 = Release|Any CPU
		{512990B8-9039-4851-A561-9ABCFA7D495F}.Debug|Any CPU.ActiveCfg = Debug|Any CPU
		{512990B8-9039-4851-A561-9ABCFA7D495F}.Debug|Any CPU.Build.0 = Debug|Any CPU
		{512990B8-9039-4851-A561-9ABCFA7D495F}.Debug|ARM64.ActiveCfg = Debug|Any CPU
		{512990B8-9039-4851-A561-9ABCFA7D495F}.Debug|ARM64.Build.0 = Debug|Any CPU
		{512990B8-9039-4851-A561-9ABCFA7D495F}.Debug|x64.ActiveCfg = Debug|Any CPU
		{512990B8-9039-4851-A561-9ABCFA7D495F}.Debug|x64.Build.0 = Debug|Any CPU
		{512990B8-9039-4851-A561-9ABCFA7D495F}.Debug|x86.ActiveCfg = Debug|Any CPU
		{512990B8-9039-4851-A561-9ABCFA7D495F}.Debug|x86.Build.0 = Debug|Any CPU
		{512990B8-9039-4851-A561-9ABCFA7D495F}.Release|Any CPU.ActiveCfg = Release|Any CPU
		{512990B8-9039-4851-A561-9ABCFA7D495F}.Release|Any CPU.Build.0 = Release|Any CPU
		{512990B8-9039-4851-A561-9ABCFA7D495F}.Release|ARM64.ActiveCfg = Release|Any CPU
		{512990B8-9039-4851-A561-9ABCFA7D495F}.Release|ARM64.Build.0 = Release|Any CPU
		{512990B8-9039-4851-A561-9ABCFA7D495F}.Release|x64.ActiveCfg = Release|Any CPU
		{512990B8-9039-4851-A561-9ABCFA7D495F}.Release|x64.Build.0 = Release|Any CPU
		{512990B8-9039-4851-A561-9ABCFA7D495F}.Release|x86.ActiveCfg = Release|Any CPU
		{512990B8-9039-4851-A561-9ABCFA7D495F}.Release|x86.Build.0 = Release|Any CPU
		{7EB69D6C-3242-48E9-9C97-F8C53F14AF30}.Debug|Any CPU.ActiveCfg = Debug|Any CPU
		{7EB69D6C-3242-48E9-9C97-F8C53F14AF30}.Debug|Any CPU.Build.0 = Debug|Any CPU
		{7EB69D6C-3242-48E9-9C97-F8C53F14AF30}.Debug|ARM64.ActiveCfg = Debug|Any CPU
		{7EB69D6C-3242-48E9-9C97-F8C53F14AF30}.Debug|ARM64.Build.0 = Debug|Any CPU
		{7EB69D6C-3242-48E9-9C97-F8C53F14AF30}.Debug|x64.ActiveCfg = Debug|Any CPU
		{7EB69D6C-3242-48E9-9C97-F8C53F14AF30}.Debug|x64.Build.0 = Debug|Any CPU
		{7EB69D6C-3242-48E9-9C97-F8C53F14AF30}.Debug|x86.ActiveCfg = Debug|Any CPU
		{7EB69D6C-3242-48E9-9C97-F8C53F14AF30}.Debug|x86.Build.0 = Debug|Any CPU
		{7EB69D6C-3242-48E9-9C97-F8C53F14AF30}.Release|Any CPU.ActiveCfg = Release|Any CPU
		{7EB69D6C-3242-48E9-9C97-F8C53F14AF30}.Release|Any CPU.Build.0 = Release|Any CPU
		{7EB69D6C-3242-48E9-9C97-F8C53F14AF30}.Release|ARM64.ActiveCfg = Release|Any CPU
		{7EB69D6C-3242-48E9-9C97-F8C53F14AF30}.Release|ARM64.Build.0 = Release|Any CPU
		{7EB69D6C-3242-48E9-9C97-F8C53F14AF30}.Release|x64.ActiveCfg = Release|Any CPU
		{7EB69D6C-3242-48E9-9C97-F8C53F14AF30}.Release|x64.Build.0 = Release|Any CPU
		{7EB69D6C-3242-48E9-9C97-F8C53F14AF30}.Release|x86.ActiveCfg = Release|Any CPU
		{7EB69D6C-3242-48E9-9C97-F8C53F14AF30}.Release|x86.Build.0 = Release|Any CPU
		{E38051F5-0A79-4645-A1F0-15FBB0324B66}.Debug|Any CPU.ActiveCfg = Debug|Any CPU
		{E38051F5-0A79-4645-A1F0-15FBB0324B66}.Debug|Any CPU.Build.0 = Debug|Any CPU
		{E38051F5-0A79-4645-A1F0-15FBB0324B66}.Debug|ARM64.ActiveCfg = Debug|Any CPU
		{E38051F5-0A79-4645-A1F0-15FBB0324B66}.Debug|ARM64.Build.0 = Debug|Any CPU
		{E38051F5-0A79-4645-A1F0-15FBB0324B66}.Debug|x64.ActiveCfg = Debug|Any CPU
		{E38051F5-0A79-4645-A1F0-15FBB0324B66}.Debug|x64.Build.0 = Debug|Any CPU
		{E38051F5-0A79-4645-A1F0-15FBB0324B66}.Debug|x86.ActiveCfg = Debug|Any CPU
		{E38051F5-0A79-4645-A1F0-15FBB0324B66}.Debug|x86.Build.0 = Debug|Any CPU
		{E38051F5-0A79-4645-A1F0-15FBB0324B66}.Release|Any CPU.ActiveCfg = Release|Any CPU
		{E38051F5-0A79-4645-A1F0-15FBB0324B66}.Release|Any CPU.Build.0 = Release|Any CPU
		{E38051F5-0A79-4645-A1F0-15FBB0324B66}.Release|ARM64.ActiveCfg = Release|Any CPU
		{E38051F5-0A79-4645-A1F0-15FBB0324B66}.Release|ARM64.Build.0 = Release|Any CPU
		{E38051F5-0A79-4645-A1F0-15FBB0324B66}.Release|x64.ActiveCfg = Release|Any CPU
		{E38051F5-0A79-4645-A1F0-15FBB0324B66}.Release|x64.Build.0 = Release|Any CPU
		{E38051F5-0A79-4645-A1F0-15FBB0324B66}.Release|x86.ActiveCfg = Release|Any CPU
		{E38051F5-0A79-4645-A1F0-15FBB0324B66}.Release|x86.Build.0 = Release|Any CPU
		{E6B3A045-30BB-4A14-A1F9-0670867548D2}.Debug|Any CPU.ActiveCfg = Debug|Any CPU
		{E6B3A045-30BB-4A14-A1F9-0670867548D2}.Debug|Any CPU.Build.0 = Debug|Any CPU
		{E6B3A045-30BB-4A14-A1F9-0670867548D2}.Debug|ARM64.ActiveCfg = Debug|Any CPU
		{E6B3A045-30BB-4A14-A1F9-0670867548D2}.Debug|ARM64.Build.0 = Debug|Any CPU
		{E6B3A045-30BB-4A14-A1F9-0670867548D2}.Debug|x64.ActiveCfg = Debug|Any CPU
		{E6B3A045-30BB-4A14-A1F9-0670867548D2}.Debug|x64.Build.0 = Debug|Any CPU
		{E6B3A045-30BB-4A14-A1F9-0670867548D2}.Debug|x86.ActiveCfg = Debug|Any CPU
		{E6B3A045-30BB-4A14-A1F9-0670867548D2}.Debug|x86.Build.0 = Debug|Any CPU
		{E6B3A045-30BB-4A14-A1F9-0670867548D2}.Release|Any CPU.ActiveCfg = Release|Any CPU
		{E6B3A045-30BB-4A14-A1F9-0670867548D2}.Release|Any CPU.Build.0 = Release|Any CPU
		{E6B3A045-30BB-4A14-A1F9-0670867548D2}.Release|ARM64.ActiveCfg = Release|Any CPU
		{E6B3A045-30BB-4A14-A1F9-0670867548D2}.Release|ARM64.Build.0 = Release|Any CPU
		{E6B3A045-30BB-4A14-A1F9-0670867548D2}.Release|x64.ActiveCfg = Release|Any CPU
		{E6B3A045-30BB-4A14-A1F9-0670867548D2}.Release|x64.Build.0 = Release|Any CPU
		{E6B3A045-30BB-4A14-A1F9-0670867548D2}.Release|x86.ActiveCfg = Release|Any CPU
		{E6B3A045-30BB-4A14-A1F9-0670867548D2}.Release|x86.Build.0 = Release|Any CPU
		{D6DA58DF-6AB0-45AC-A38F-B17DF94CC2B2}.Debug|Any CPU.ActiveCfg = Debug|Any CPU
		{D6DA58DF-6AB0-45AC-A38F-B17DF94CC2B2}.Debug|Any CPU.Build.0 = Debug|Any CPU
		{D6DA58DF-6AB0-45AC-A38F-B17DF94CC2B2}.Debug|ARM64.ActiveCfg = Debug|Any CPU
		{D6DA58DF-6AB0-45AC-A38F-B17DF94CC2B2}.Debug|ARM64.Build.0 = Debug|Any CPU
		{D6DA58DF-6AB0-45AC-A38F-B17DF94CC2B2}.Debug|x64.ActiveCfg = Debug|Any CPU
		{D6DA58DF-6AB0-45AC-A38F-B17DF94CC2B2}.Debug|x64.Build.0 = Debug|Any CPU
		{D6DA58DF-6AB0-45AC-A38F-B17DF94CC2B2}.Debug|x86.ActiveCfg = Debug|Any CPU
		{D6DA58DF-6AB0-45AC-A38F-B17DF94CC2B2}.Debug|x86.Build.0 = Debug|Any CPU
		{D6DA58DF-6AB0-45AC-A38F-B17DF94CC2B2}.Release|Any CPU.ActiveCfg = Release|Any CPU
		{D6DA58DF-6AB0-45AC-A38F-B17DF94CC2B2}.Release|Any CPU.Build.0 = Release|Any CPU
		{D6DA58DF-6AB0-45AC-A38F-B17DF94CC2B2}.Release|ARM64.ActiveCfg = Release|Any CPU
		{D6DA58DF-6AB0-45AC-A38F-B17DF94CC2B2}.Release|ARM64.Build.0 = Release|Any CPU
		{D6DA58DF-6AB0-45AC-A38F-B17DF94CC2B2}.Release|x64.ActiveCfg = Release|Any CPU
		{D6DA58DF-6AB0-45AC-A38F-B17DF94CC2B2}.Release|x64.Build.0 = Release|Any CPU
		{D6DA58DF-6AB0-45AC-A38F-B17DF94CC2B2}.Release|x86.ActiveCfg = Release|Any CPU
		{D6DA58DF-6AB0-45AC-A38F-B17DF94CC2B2}.Release|x86.Build.0 = Release|Any CPU
		{E5E0EE3C-D189-400B-B59C-1B47A0AE51FC}.Debug|Any CPU.ActiveCfg = Debug|Any CPU
		{E5E0EE3C-D189-400B-B59C-1B47A0AE51FC}.Debug|Any CPU.Build.0 = Debug|Any CPU
		{E5E0EE3C-D189-400B-B59C-1B47A0AE51FC}.Debug|ARM64.ActiveCfg = Debug|Any CPU
		{E5E0EE3C-D189-400B-B59C-1B47A0AE51FC}.Debug|ARM64.Build.0 = Debug|Any CPU
		{E5E0EE3C-D189-400B-B59C-1B47A0AE51FC}.Debug|x64.ActiveCfg = Debug|Any CPU
		{E5E0EE3C-D189-400B-B59C-1B47A0AE51FC}.Debug|x64.Build.0 = Debug|Any CPU
		{E5E0EE3C-D189-400B-B59C-1B47A0AE51FC}.Debug|x86.ActiveCfg = Debug|Any CPU
		{E5E0EE3C-D189-400B-B59C-1B47A0AE51FC}.Debug|x86.Build.0 = Debug|Any CPU
		{E5E0EE3C-D189-400B-B59C-1B47A0AE51FC}.Release|Any CPU.ActiveCfg = Release|Any CPU
		{E5E0EE3C-D189-400B-B59C-1B47A0AE51FC}.Release|Any CPU.Build.0 = Release|Any CPU
		{E5E0EE3C-D189-400B-B59C-1B47A0AE51FC}.Release|ARM64.ActiveCfg = Release|Any CPU
		{E5E0EE3C-D189-400B-B59C-1B47A0AE51FC}.Release|ARM64.Build.0 = Release|Any CPU
		{E5E0EE3C-D189-400B-B59C-1B47A0AE51FC}.Release|x64.ActiveCfg = Release|Any CPU
		{E5E0EE3C-D189-400B-B59C-1B47A0AE51FC}.Release|x64.Build.0 = Release|Any CPU
		{E5E0EE3C-D189-400B-B59C-1B47A0AE51FC}.Release|x86.ActiveCfg = Release|Any CPU
		{E5E0EE3C-D189-400B-B59C-1B47A0AE51FC}.Release|x86.Build.0 = Release|Any CPU
		{A9E0B750-FD38-4918-81D1-4EFB294D225E}.Debug|Any CPU.ActiveCfg = Debug|Any CPU
		{A9E0B750-FD38-4918-81D1-4EFB294D225E}.Debug|Any CPU.Build.0 = Debug|Any CPU
		{A9E0B750-FD38-4918-81D1-4EFB294D225E}.Debug|ARM64.ActiveCfg = Debug|Any CPU
		{A9E0B750-FD38-4918-81D1-4EFB294D225E}.Debug|ARM64.Build.0 = Debug|Any CPU
		{A9E0B750-FD38-4918-81D1-4EFB294D225E}.Debug|x64.ActiveCfg = Debug|Any CPU
		{A9E0B750-FD38-4918-81D1-4EFB294D225E}.Debug|x64.Build.0 = Debug|Any CPU
		{A9E0B750-FD38-4918-81D1-4EFB294D225E}.Debug|x86.ActiveCfg = Debug|Any CPU
		{A9E0B750-FD38-4918-81D1-4EFB294D225E}.Debug|x86.Build.0 = Debug|Any CPU
		{A9E0B750-FD38-4918-81D1-4EFB294D225E}.Release|Any CPU.ActiveCfg = Release|Any CPU
		{A9E0B750-FD38-4918-81D1-4EFB294D225E}.Release|Any CPU.Build.0 = Release|Any CPU
		{A9E0B750-FD38-4918-81D1-4EFB294D225E}.Release|ARM64.ActiveCfg = Release|Any CPU
		{A9E0B750-FD38-4918-81D1-4EFB294D225E}.Release|ARM64.Build.0 = Release|Any CPU
		{A9E0B750-FD38-4918-81D1-4EFB294D225E}.Release|x64.ActiveCfg = Release|Any CPU
		{A9E0B750-FD38-4918-81D1-4EFB294D225E}.Release|x64.Build.0 = Release|Any CPU
		{A9E0B750-FD38-4918-81D1-4EFB294D225E}.Release|x86.ActiveCfg = Release|Any CPU
		{A9E0B750-FD38-4918-81D1-4EFB294D225E}.Release|x86.Build.0 = Release|Any CPU
		{67EE11D7-E90A-4B5E-9008-836176E6EED2}.Debug|Any CPU.ActiveCfg = Debug|Any CPU
		{67EE11D7-E90A-4B5E-9008-836176E6EED2}.Debug|Any CPU.Build.0 = Debug|Any CPU
		{67EE11D7-E90A-4B5E-9008-836176E6EED2}.Debug|ARM64.ActiveCfg = Debug|Any CPU
		{67EE11D7-E90A-4B5E-9008-836176E6EED2}.Debug|ARM64.Build.0 = Debug|Any CPU
		{67EE11D7-E90A-4B5E-9008-836176E6EED2}.Debug|x64.ActiveCfg = Debug|Any CPU
		{67EE11D7-E90A-4B5E-9008-836176E6EED2}.Debug|x64.Build.0 = Debug|Any CPU
		{67EE11D7-E90A-4B5E-9008-836176E6EED2}.Debug|x86.ActiveCfg = Debug|Any CPU
		{67EE11D7-E90A-4B5E-9008-836176E6EED2}.Debug|x86.Build.0 = Debug|Any CPU
		{67EE11D7-E90A-4B5E-9008-836176E6EED2}.Release|Any CPU.ActiveCfg = Release|Any CPU
		{67EE11D7-E90A-4B5E-9008-836176E6EED2}.Release|Any CPU.Build.0 = Release|Any CPU
		{67EE11D7-E90A-4B5E-9008-836176E6EED2}.Release|ARM64.ActiveCfg = Release|Any CPU
		{67EE11D7-E90A-4B5E-9008-836176E6EED2}.Release|ARM64.Build.0 = Release|Any CPU
		{67EE11D7-E90A-4B5E-9008-836176E6EED2}.Release|x64.ActiveCfg = Release|Any CPU
		{67EE11D7-E90A-4B5E-9008-836176E6EED2}.Release|x64.Build.0 = Release|Any CPU
		{67EE11D7-E90A-4B5E-9008-836176E6EED2}.Release|x86.ActiveCfg = Release|Any CPU
		{67EE11D7-E90A-4B5E-9008-836176E6EED2}.Release|x86.Build.0 = Release|Any CPU
		{0302509D-000A-4ED7-A9E4-49E45604C83E}.Debug|Any CPU.ActiveCfg = Debug|Any CPU
		{0302509D-000A-4ED7-A9E4-49E45604C83E}.Debug|Any CPU.Build.0 = Debug|Any CPU
		{0302509D-000A-4ED7-A9E4-49E45604C83E}.Debug|ARM64.ActiveCfg = Debug|Any CPU
		{0302509D-000A-4ED7-A9E4-49E45604C83E}.Debug|ARM64.Build.0 = Debug|Any CPU
		{0302509D-000A-4ED7-A9E4-49E45604C83E}.Debug|x64.ActiveCfg = Debug|Any CPU
		{0302509D-000A-4ED7-A9E4-49E45604C83E}.Debug|x64.Build.0 = Debug|Any CPU
		{0302509D-000A-4ED7-A9E4-49E45604C83E}.Debug|x86.ActiveCfg = Debug|Any CPU
		{0302509D-000A-4ED7-A9E4-49E45604C83E}.Debug|x86.Build.0 = Debug|Any CPU
		{0302509D-000A-4ED7-A9E4-49E45604C83E}.Release|Any CPU.ActiveCfg = Release|Any CPU
		{0302509D-000A-4ED7-A9E4-49E45604C83E}.Release|Any CPU.Build.0 = Release|Any CPU
		{0302509D-000A-4ED7-A9E4-49E45604C83E}.Release|ARM64.ActiveCfg = Release|Any CPU
		{0302509D-000A-4ED7-A9E4-49E45604C83E}.Release|ARM64.Build.0 = Release|Any CPU
		{0302509D-000A-4ED7-A9E4-49E45604C83E}.Release|x64.ActiveCfg = Release|Any CPU
		{0302509D-000A-4ED7-A9E4-49E45604C83E}.Release|x64.Build.0 = Release|Any CPU
		{0302509D-000A-4ED7-A9E4-49E45604C83E}.Release|x86.ActiveCfg = Release|Any CPU
		{0302509D-000A-4ED7-A9E4-49E45604C83E}.Release|x86.Build.0 = Release|Any CPU
		{A399F695-B612-4753-A305-DCFC270E3952}.Debug|Any CPU.ActiveCfg = Debug|Any CPU
		{A399F695-B612-4753-A305-DCFC270E3952}.Debug|Any CPU.Build.0 = Debug|Any CPU
		{A399F695-B612-4753-A305-DCFC270E3952}.Debug|ARM64.ActiveCfg = Debug|Any CPU
		{A399F695-B612-4753-A305-DCFC270E3952}.Debug|ARM64.Build.0 = Debug|Any CPU
		{A399F695-B612-4753-A305-DCFC270E3952}.Debug|x64.ActiveCfg = Debug|Any CPU
		{A399F695-B612-4753-A305-DCFC270E3952}.Debug|x64.Build.0 = Debug|Any CPU
		{A399F695-B612-4753-A305-DCFC270E3952}.Debug|x86.ActiveCfg = Debug|Any CPU
		{A399F695-B612-4753-A305-DCFC270E3952}.Debug|x86.Build.0 = Debug|Any CPU
		{A399F695-B612-4753-A305-DCFC270E3952}.Release|Any CPU.ActiveCfg = Release|Any CPU
		{A399F695-B612-4753-A305-DCFC270E3952}.Release|Any CPU.Build.0 = Release|Any CPU
		{A399F695-B612-4753-A305-DCFC270E3952}.Release|ARM64.ActiveCfg = Release|Any CPU
		{A399F695-B612-4753-A305-DCFC270E3952}.Release|ARM64.Build.0 = Release|Any CPU
		{A399F695-B612-4753-A305-DCFC270E3952}.Release|x64.ActiveCfg = Release|Any CPU
		{A399F695-B612-4753-A305-DCFC270E3952}.Release|x64.Build.0 = Release|Any CPU
		{A399F695-B612-4753-A305-DCFC270E3952}.Release|x86.ActiveCfg = Release|Any CPU
		{A399F695-B612-4753-A305-DCFC270E3952}.Release|x86.Build.0 = Release|Any CPU
		{944347BF-4F1E-4500-85E5-D2D67EEC3061}.Debug|Any CPU.ActiveCfg = Debug|Any CPU
		{944347BF-4F1E-4500-85E5-D2D67EEC3061}.Debug|Any CPU.Build.0 = Debug|Any CPU
		{944347BF-4F1E-4500-85E5-D2D67EEC3061}.Debug|ARM64.ActiveCfg = Debug|Any CPU
		{944347BF-4F1E-4500-85E5-D2D67EEC3061}.Debug|ARM64.Build.0 = Debug|Any CPU
		{944347BF-4F1E-4500-85E5-D2D67EEC3061}.Debug|x64.ActiveCfg = Debug|Any CPU
		{944347BF-4F1E-4500-85E5-D2D67EEC3061}.Debug|x64.Build.0 = Debug|Any CPU
		{944347BF-4F1E-4500-85E5-D2D67EEC3061}.Debug|x86.ActiveCfg = Debug|Any CPU
		{944347BF-4F1E-4500-85E5-D2D67EEC3061}.Debug|x86.Build.0 = Debug|Any CPU
		{944347BF-4F1E-4500-85E5-D2D67EEC3061}.Release|Any CPU.ActiveCfg = Release|Any CPU
		{944347BF-4F1E-4500-85E5-D2D67EEC3061}.Release|Any CPU.Build.0 = Release|Any CPU
		{944347BF-4F1E-4500-85E5-D2D67EEC3061}.Release|ARM64.ActiveCfg = Release|Any CPU
		{944347BF-4F1E-4500-85E5-D2D67EEC3061}.Release|ARM64.Build.0 = Release|Any CPU
		{944347BF-4F1E-4500-85E5-D2D67EEC3061}.Release|x64.ActiveCfg = Release|Any CPU
		{944347BF-4F1E-4500-85E5-D2D67EEC3061}.Release|x64.Build.0 = Release|Any CPU
		{944347BF-4F1E-4500-85E5-D2D67EEC3061}.Release|x86.ActiveCfg = Release|Any CPU
		{944347BF-4F1E-4500-85E5-D2D67EEC3061}.Release|x86.Build.0 = Release|Any CPU
		{C4C0DCFF-147C-4005-8B00-011FC92B6E5E}.Debug|Any CPU.ActiveCfg = Debug|Any CPU
		{C4C0DCFF-147C-4005-8B00-011FC92B6E5E}.Debug|Any CPU.Build.0 = Debug|Any CPU
		{C4C0DCFF-147C-4005-8B00-011FC92B6E5E}.Debug|ARM64.ActiveCfg = Debug|Any CPU
		{C4C0DCFF-147C-4005-8B00-011FC92B6E5E}.Debug|ARM64.Build.0 = Debug|Any CPU
		{C4C0DCFF-147C-4005-8B00-011FC92B6E5E}.Debug|x64.ActiveCfg = Debug|Any CPU
		{C4C0DCFF-147C-4005-8B00-011FC92B6E5E}.Debug|x64.Build.0 = Debug|Any CPU
		{C4C0DCFF-147C-4005-8B00-011FC92B6E5E}.Debug|x86.ActiveCfg = Debug|Any CPU
		{C4C0DCFF-147C-4005-8B00-011FC92B6E5E}.Debug|x86.Build.0 = Debug|Any CPU
		{C4C0DCFF-147C-4005-8B00-011FC92B6E5E}.Release|Any CPU.ActiveCfg = Release|Any CPU
		{C4C0DCFF-147C-4005-8B00-011FC92B6E5E}.Release|Any CPU.Build.0 = Release|Any CPU
		{C4C0DCFF-147C-4005-8B00-011FC92B6E5E}.Release|ARM64.ActiveCfg = Release|Any CPU
		{C4C0DCFF-147C-4005-8B00-011FC92B6E5E}.Release|ARM64.Build.0 = Release|Any CPU
		{C4C0DCFF-147C-4005-8B00-011FC92B6E5E}.Release|x64.ActiveCfg = Release|Any CPU
		{C4C0DCFF-147C-4005-8B00-011FC92B6E5E}.Release|x64.Build.0 = Release|Any CPU
		{C4C0DCFF-147C-4005-8B00-011FC92B6E5E}.Release|x86.ActiveCfg = Release|Any CPU
		{C4C0DCFF-147C-4005-8B00-011FC92B6E5E}.Release|x86.Build.0 = Release|Any CPU
	EndGlobalSection
	GlobalSection(SolutionProperties) = preSolution
		HideSolutionNode = FALSE
	EndGlobalSection
	GlobalSection(NestedProjects) = preSolution
		{A2C4C08B-9C09-4E77-860D-45067577AD4E} = {491F8B64-5D07-46E9-8687-D4F99B855193}
		{0BDA3368-1DC5-4C33-ACA2-8FE06F7EF204} = {19CDF3C0-4BD6-48AD-9B73-2F498AA6EC47}
		{512990B8-9039-4851-A561-9ABCFA7D495F} = {491F8B64-5D07-46E9-8687-D4F99B855193}
		{E38051F5-0A79-4645-A1F0-15FBB0324B66} = {19CDF3C0-4BD6-48AD-9B73-2F498AA6EC47}
		{E6B3A045-30BB-4A14-A1F9-0670867548D2} = {491F8B64-5D07-46E9-8687-D4F99B855193}
		{A9E0B750-FD38-4918-81D1-4EFB294D225E} = {2AC2B0A2-F7D4-4157-8B61-D15BF9B2640E}
		{67EE11D7-E90A-4B5E-9008-836176E6EED2} = {2AC2B0A2-F7D4-4157-8B61-D15BF9B2640E}
		{0302509D-000A-4ED7-A9E4-49E45604C83E} = {2AC2B0A2-F7D4-4157-8B61-D15BF9B2640E}
		{A399F695-B612-4753-A305-DCFC270E3952} = {491F8B64-5D07-46E9-8687-D4F99B855193}
	EndGlobalSection
	GlobalSection(ExtensibilityGlobals) = postSolution
		SolutionGuid = {A846868D-B5BE-41CD-8ABA-34F7807B92FE}
	EndGlobalSection
EndGlobal
